// !$*UTF8*$!
{
	archiveVersion = 1;
	classes = {
	};
	objectVersion = 46;
	objects = {

/* Begin PBXBuildFile section */
		789E2020190525FB00B30932 /* Foundation.framework in Frameworks */ = {isa = PBXBuildFile; fileRef = 789E201F190525FB00B30932 /* Foundation.framework */; };
		789E2022190525FB00B30932 /* CoreGraphics.framework in Frameworks */ = {isa = PBXBuildFile; fileRef = 789E2021190525FB00B30932 /* CoreGraphics.framework */; };
		789E2024190525FB00B30932 /* UIKit.framework in Frameworks */ = {isa = PBXBuildFile; fileRef = 789E2023190525FB00B30932 /* UIKit.framework */; };
		789E202A190525FB00B30932 /* InfoPlist.strings in Resources */ = {isa = PBXBuildFile; fileRef = 789E2028190525FB00B30932 /* InfoPlist.strings */; };
		789E202C190525FB00B30932 /* main.m in Sources */ = {isa = PBXBuildFile; fileRef = 789E202B190525FB00B30932 /* main.m */; };
		789E2030190525FB00B30932 /* AppDelegate.m in Sources */ = {isa = PBXBuildFile; fileRef = 789E202F190525FB00B30932 /* AppDelegate.m */; };
		789E2033190525FB00B30932 /* Main.storyboard in Resources */ = {isa = PBXBuildFile; fileRef = 789E2031190525FB00B30932 /* Main.storyboard */; };
		789E2036190525FB00B30932 /* ViewController.m in Sources */ = {isa = PBXBuildFile; fileRef = 789E2035190525FB00B30932 /* ViewController.m */; };
		789E2038190525FB00B30932 /* Images.xcassets in Resources */ = {isa = PBXBuildFile; fileRef = 789E2037190525FB00B30932 /* Images.xcassets */; };
		789E203F190525FB00B30932 /* XCTest.framework in Frameworks */ = {isa = PBXBuildFile; fileRef = 789E203E190525FB00B30932 /* XCTest.framework */; };
		789E2040190525FB00B30932 /* Foundation.framework in Frameworks */ = {isa = PBXBuildFile; fileRef = 789E201F190525FB00B30932 /* Foundation.framework */; };
		789E2041190525FB00B30932 /* UIKit.framework in Frameworks */ = {isa = PBXBuildFile; fileRef = 789E2023190525FB00B30932 /* UIKit.framework */; };
		789E2049190525FB00B30932 /* InfoPlist.strings in Resources */ = {isa = PBXBuildFile; fileRef = 789E2047190525FB00B30932 /* InfoPlist.strings */; };
		789E204B190525FB00B30932 /* nagababuProjectTests.m in Sources */ = {isa = PBXBuildFile; fileRef = 789E204A190525FB00B30932 /* nagababuProjectTests.m */; };
/* End PBXBuildFile section */

/* Begin PBXContainerItemProxy section */
		789E2042190525FB00B30932 /* PBXContainerItemProxy */ = {
			isa = PBXContainerItemProxy;
			containerPortal = 789E2014190525FB00B30932 /* Project object */;
			proxyType = 1;
			remoteGlobalIDString = 789E201B190525FB00B30932;
			remoteInfo = nagababuProject;
		};
/* End PBXContainerItemProxy section */

/* Begin PBXFileReference section */
		789E201C190525FB00B30932 /* nagababuProject.app */ = {isa = PBXFileReference; explicitFileType = wrapper.application; includeInIndex = 0; path = nagababuProject.app; sourceTree = BUILT_PRODUCTS_DIR; };
		789E201F190525FB00B30932 /* Foundation.framework */ = {isa = PBXFileReference; lastKnownFileType = wrapper.framework; name = Foundation.framework; path = System/Library/Frameworks/Foundation.framework; sourceTree = SDKROOT; };
		789E2021190525FB00B30932 /* CoreGraphics.framework */ = {isa = PBXFileReference; lastKnownFileType = wrapper.framework; name = CoreGraphics.framework; path = System/Library/Frameworks/CoreGraphics.framework; sourceTree = SDKROOT; };
		789E2023190525FB00B30932 /* UIKit.framework */ = {isa = PBXFileReference; lastKnownFileType = wrapper.framework; name = UIKit.framework; path = System/Library/Frameworks/UIKit.framework; sourceTree = SDKROOT; };
		789E2027190525FB00B30932 /* nagababuProject-Info.plist */ = {isa = PBXFileReference; lastKnownFileType = text.plist.xml; path = "nagababuProject-Info.plist"; sourceTree = "<group>"; };
		789E2029190525FB00B30932 /* en */ = {isa = PBXFileReference; lastKnownFileType = text.plist.strings; name = en; path = en.lproj/InfoPlist.strings; sourceTree = "<group>"; };
		789E202B190525FB00B30932 /* main.m */ = {isa = PBXFileReference; lastKnownFileType = sourcecode.c.objc; path = main.m; sourceTree = "<group>"; };
		789E202D190525FB00B30932 /* nagababuProject-Prefix.pch */ = {isa = PBXFileReference; lastKnownFileType = sourcecode.c.h; path = "nagababuProject-Prefix.pch"; sourceTree = "<group>"; };
		789E202E190525FB00B30932 /* AppDelegate.h */ = {isa = PBXFileReference; lastKnownFileType = sourcecode.c.h; path = AppDelegate.h; sourceTree = "<group>"; };
		789E202F190525FB00B30932 /* AppDelegate.m */ = {isa = PBXFileReference; lastKnownFileType = sourcecode.c.objc; path = AppDelegate.m; sourceTree = "<group>"; };
		789E2032190525FB00B30932 /* Base */ = {isa = PBXFileReference; lastKnownFileType = file.storyboard; name = Base; path = Base.lproj/Main.storyboard; sourceTree = "<group>"; };
		789E2034190525FB00B30932 /* ViewController.h */ = {isa = PBXFileReference; lastKnownFileType = sourcecode.c.h; path = ViewController.h; sourceTree = "<group>"; };
		789E2035190525FB00B30932 /* ViewController.m */ = {isa = PBXFileReference; lastKnownFileType = sourcecode.c.objc; path = ViewController.m; sourceTree = "<group>"; };
		789E2037190525FB00B30932 /* Images.xcassets */ = {isa = PBXFileReference; lastKnownFileType = folder.assetcatalog; path = Images.xcassets; sourceTree = "<group>"; };
		789E203D190525FB00B30932 /* nagababuProjectTests.xctest */ = {isa = PBXFileReference; explicitFileType = wrapper.cfbundle; includeInIndex = 0; path = nagababuProjectTests.xctest; sourceTree = BUILT_PRODUCTS_DIR; };
		789E203E190525FB00B30932 /* XCTest.framework */ = {isa = PBXFileReference; lastKnownFileType = wrapper.framework; name = XCTest.framework; path = Library/Frameworks/XCTest.framework; sourceTree = DEVELOPER_DIR; };
		789E2046190525FB00B30932 /* nagababuProjectTests-Info.plist */ = {isa = PBXFileReference; lastKnownFileType = text.plist.xml; path = "nagababuProjectTests-Info.plist"; sourceTree = "<group>"; };
		789E2048190525FB00B30932 /* en */ = {isa = PBXFileReference; lastKnownFileType = text.plist.strings; name = en; path = en.lproj/InfoPlist.strings; sourceTree = "<group>"; };
		789E204A190525FB00B30932 /* nagababuProjectTests.m */ = {isa = PBXFileReference; lastKnownFileType = sourcecode.c.objc; path = nagababuProjectTests.m; sourceTree = "<group>"; };
/* End PBXFileReference section */

/* Begin PBXFrameworksBuildPhase section */
		789E2019190525FB00B30932 /* Frameworks */ = {
			isa = PBXFrameworksBuildPhase;
			buildActionMask = 2147483647;
			files = (
				789E2022190525FB00B30932 /* CoreGraphics.framework in Frameworks */,
				789E2024190525FB00B30932 /* UIKit.framework in Frameworks */,
				789E2020190525FB00B30932 /* Foundation.framework in Frameworks */,
			);
			runOnlyForDeploymentPostprocessing = 0;
		};
		789E203A190525FB00B30932 /* Frameworks */ = {
			isa = PBXFrameworksBuildPhase;
			buildActionMask = 2147483647;
			files = (
				789E203F190525FB00B30932 /* XCTest.framework in Frameworks */,
				789E2041190525FB00B30932 /* UIKit.framework in Frameworks */,
				789E2040190525FB00B30932 /* Foundation.framework in Frameworks */,
			);
			runOnlyForDeploymentPostprocessing = 0;
		};
/* End PBXFrameworksBuildPhase section */

/* Begin PBXGroup section */
		789E2013190525FB00B30932 = {
			isa = PBXGroup;
			children = (
				789E2025190525FB00B30932 /* nagababuProject */,
				789E2044190525FB00B30932 /* nagababuProjectTests */,
				789E201E190525FB00B30932 /* Frameworks */,
				789E201D190525FB00B30932 /* Products */,
			);
			sourceTree = "<group>";
		};
		789E201D190525FB00B30932 /* Products */ = {
			isa = PBXGroup;
			children = (
				789E201C190525FB00B30932 /* nagababuProject.app */,
				789E203D190525FB00B30932 /* nagababuProjectTests.xctest */,
			);
			name = Products;
			sourceTree = "<group>";
		};
		789E201E190525FB00B30932 /* Frameworks */ = {
			isa = PBXGroup;
			children = (
				789E201F190525FB00B30932 /* Foundation.framework */,
				789E2021190525FB00B30932 /* CoreGraphics.framework */,
				789E2023190525FB00B30932 /* UIKit.framework */,
				789E203E190525FB00B30932 /* XCTest.framework */,
			);
			name = Frameworks;
			sourceTree = "<group>";
		};
		789E2025190525FB00B30932 /* nagababuProject */ = {
			isa = PBXGroup;
			children = (
				789E202E190525FB00B30932 /* AppDelegate.h */,
				789E202F190525FB00B30932 /* AppDelegate.m */,
				789E2031190525FB00B30932 /* Main.storyboard */,
				789E2034190525FB00B30932 /* ViewController.h */,
				789E2035190525FB00B30932 /* ViewController.m */,
				789E2037190525FB00B30932 /* Images.xcassets */,
				789E2026190525FB00B30932 /* Supporting Files */,
			);
			path = nagababuProject;
			sourceTree = "<group>";
		};
		789E2026190525FB00B30932 /* Supporting Files */ = {
			isa = PBXGroup;
			children = (
				789E2027190525FB00B30932 /* nagababuProject-Info.plist */,
				789E2028190525FB00B30932 /* InfoPlist.strings */,
				789E202B190525FB00B30932 /* main.m */,
				789E202D190525FB00B30932 /* nagababuProject-Prefix.pch */,
			);
			name = "Supporting Files";
			sourceTree = "<group>";
		};
		789E2044190525FB00B30932 /* nagababuProjectTests */ = {
			isa = PBXGroup;
			children = (
				789E204A190525FB00B30932 /* nagababuProjectTests.m */,
				789E2045190525FB00B30932 /* Supporting Files */,
			);
			path = nagababuProjectTests;
			sourceTree = "<group>";
		};
		789E2045190525FB00B30932 /* Supporting Files */ = {
			isa = PBXGroup;
			children = (
				789E2046190525FB00B30932 /* nagababuProjectTests-Info.plist */,
				789E2047190525FB00B30932 /* InfoPlist.strings */,
			);
			name = "Supporting Files";
			sourceTree = "<group>";
		};
/* End PBXGroup section */

/* Begin PBXNativeTarget section */
		789E201B190525FB00B30932 /* nagababuProject */ = {
			isa = PBXNativeTarget;
			buildConfigurationList = 789E204E190525FB00B30932 /* Build configuration list for PBXNativeTarget "nagababuProject" */;
			buildPhases = (
				789E2018190525FB00B30932 /* Sources */,
				789E2019190525FB00B30932 /* Frameworks */,
				789E201A190525FB00B30932 /* Resources */,
			);
			buildRules = (
			);
			dependencies = (
			);
			name = nagababuProject;
			productName = nagababuProject;
			productReference = 789E201C190525FB00B30932 /* nagababuProject.app */;
			productType = "com.apple.product-type.application";
		};
		789E203C190525FB00B30932 /* nagababuProjectTests */ = {
			isa = PBXNativeTarget;
			buildConfigurationList = 789E2051190525FB00B30932 /* Build configuration list for PBXNativeTarget "nagababuProjectTests" */;
			buildPhases = (
				789E2039190525FB00B30932 /* Sources */,
				789E203A190525FB00B30932 /* Frameworks */,
				789E203B190525FB00B30932 /* Resources */,
			);
			buildRules = (
			);
			dependencies = (
				789E2043190525FB00B30932 /* PBXTargetDependency */,
			);
			name = nagababuProjectTests;
			productName = nagababuProjectTests;
			productReference = 789E203D190525FB00B30932 /* nagababuProjectTests.xctest */;
			productType = "com.apple.product-type.bundle.unit-test";
		};
/* End PBXNativeTarget section */

/* Begin PBXProject section */
		789E2014190525FB00B30932 /* Project object */ = {
			isa = PBXProject;
			attributes = {
				LastUpgradeCheck = 0510;
				ORGANIZATIONNAME = Nagababu;
				TargetAttributes = {
					789E203C190525FB00B30932 = {
						TestTargetID = 789E201B190525FB00B30932;
					};
				};
			};
			buildConfigurationList = 789E2017190525FB00B30932 /* Build configuration list for PBXProject "nagababuProject" */;
			compatibilityVersion = "Xcode 3.2";
			developmentRegion = English;
			hasScannedForEncodings = 0;
			knownRegions = (
				en,
				Base,
			);
			mainGroup = 789E2013190525FB00B30932;
			productRefGroup = 789E201D190525FB00B30932 /* Products */;
			projectDirPath = "";
			projectRoot = "";
			targets = (
				789E201B190525FB00B30932 /* nagababuProject */,
				789E203C190525FB00B30932 /* nagababuProjectTests */,
			);
		};
/* End PBXProject section */

/* Begin PBXResourcesBuildPhase section */
		789E201A190525FB00B30932 /* Resources */ = {
			isa = PBXResourcesBuildPhase;
			buildActionMask = 2147483647;
			files = (
				789E2038190525FB00B30932 /* Images.xcassets in Resources */,
				789E202A190525FB00B30932 /* InfoPlist.strings in Resources */,
				789E2033190525FB00B30932 /* Main.storyboard in Resources */,
			);
			runOnlyForDeploymentPostprocessing = 0;
		};
		789E203B190525FB00B30932 /* Resources */ = {
			isa = PBXResourcesBuildPhase;
			buildActionMask = 2147483647;
			files = (
				789E2049190525FB00B30932 /* InfoPlist.strings in Resources */,
			);
			runOnlyForDeploymentPostprocessing = 0;
		};
/* End PBXResourcesBuildPhase section */

/* Begin PBXSourcesBuildPhase section */
		789E2018190525FB00B30932 /* Sources */ = {
			isa = PBXSourcesBuildPhase;
			buildActionMask = 2147483647;
			files = (
				789E2036190525FB00B30932 /* ViewController.m in Sources */,
				789E2030190525FB00B30932 /* AppDelegate.m in Sources */,
				789E202C190525FB00B30932 /* main.m in Sources */,
			);
			runOnlyForDeploymentPostprocessing = 0;
		};
		789E2039190525FB00B30932 /* Sources */ = {
			isa = PBXSourcesBuildPhase;
			buildActionMask = 2147483647;
			files = (
				789E204B190525FB00B30932 /* nagababuProjectTests.m in Sources */,
			);
			runOnlyForDeploymentPostprocessing = 0;
		};
/* End PBXSourcesBuildPhase section */

/* Begin PBXTargetDependency section */
		789E2043190525FB00B30932 /* PBXTargetDependency */ = {
			isa = PBXTargetDependency;
			target = 789E201B190525FB00B30932 /* nagababuProject */;
			targetProxy = 789E2042190525FB00B30932 /* PBXContainerItemProxy */;
		};
/* End PBXTargetDependency section */

/* Begin PBXVariantGroup section */
		789E2028190525FB00B30932 /* InfoPlist.strings */ = {
			isa = PBXVariantGroup;
			children = (
				789E2029190525FB00B30932 /* en */,
			);
			name = InfoPlist.strings;
			sourceTree = "<group>";
		};
		789E2031190525FB00B30932 /* Main.storyboard */ = {
			isa = PBXVariantGroup;
			children = (
				789E2032190525FB00B30932 /* Base */,
			);
			name = Main.storyboard;
			sourceTree = "<group>";
		};
		789E2047190525FB00B30932 /* InfoPlist.strings */ = {
			isa = PBXVariantGroup;
			children = (
				789E2048190525FB00B30932 /* en */,
			);
			name = InfoPlist.strings;
			sourceTree = "<group>";
		};
/* End PBXVariantGroup section */

/* Begin XCBuildConfiguration section */
		789E204C190525FB00B30932 /* Debug */ = {
			isa = XCBuildConfiguration;
			buildSettings = {
				ALWAYS_SEARCH_USER_PATHS = NO;
				CLANG_CXX_LANGUAGE_STANDARD = "gnu++0x";
				CLANG_CXX_LIBRARY = "libc++";
				CLANG_ENABLE_MODULES = YES;
				CLANG_ENABLE_OBJC_ARC = YES;
				CLANG_WARN_BOOL_CONVERSION = YES;
				CLANG_WARN_CONSTANT_CONVERSION = YES;
				CLANG_WARN_DIRECT_OBJC_ISA_USAGE = YES_ERROR;
				CLANG_WARN_EMPTY_BODY = YES;
				CLANG_WARN_ENUM_CONVERSION = YES;
				CLANG_WARN_INT_CONVERSION = YES;
				CLANG_WARN_OBJC_ROOT_CLASS = YES_ERROR;
				CLANG_WARN__DUPLICATE_METHOD_MATCH = YES;
				"CODE_SIGN_IDENTITY[sdk=iphoneos*]" = "iPhone Developer";
				COPY_PHASE_STRIP = NO;
				GCC_C_LANGUAGE_STANDARD = gnu99;
				GCC_DYNAMIC_NO_PIC = NO;
				GCC_OPTIMIZATION_LEVEL = 0;
				GCC_PREPROCESSOR_DEFINITIONS = (
					"DEBUG=1",
					"$(inherited)",
				);
				GCC_SYMBOLS_PRIVATE_EXTERN = NO;
				GCC_WARN_64_TO_32_BIT_CONVERSION = YES;
				GCC_WARN_ABOUT_RETURN_TYPE = YES_ERROR;
				GCC_WARN_UNDECLARED_SELECTOR = YES;
				GCC_WARN_UNINITIALIZED_AUTOS = YES_AGGRESSIVE;
				GCC_WARN_UNUSED_FUNCTION = YES;
				GCC_WARN_UNUSED_VARIABLE = YES;
				IPHONEOS_DEPLOYMENT_TARGET = 7.1;
				ONLY_ACTIVE_ARCH = YES;
				SDKROOT = iphoneos;
			};
			name = Debug;
		};
		789E204D190525FB00B30932 /* Release */ = {
			isa = XCBuildConfiguration;
			buildSettings = {
				ALWAYS_SEARCH_USER_PATHS = NO;
				CLANG_CXX_LANGUAGE_STANDARD = "gnu++0x";
				CLANG_CXX_LIBRARY = "libc++";
				CLANG_ENABLE_MODULES = YES;
				CLANG_ENABLE_OBJC_ARC = YES;
				CLANG_WARN_BOOL_CONVERSION = YES;
				CLANG_WARN_CONSTANT_CONVERSION = YES;
				CLANG_WARN_DIRECT_OBJC_ISA_USAGE = YES_ERROR;
				CLANG_WARN_EMPTY_BODY = YES;
				CLANG_WARN_ENUM_CONVERSION = YES;
				CLANG_WARN_INT_CONVERSION = YES;
				CLANG_WARN_OBJC_ROOT_CLASS = YES_ERROR;
				CLANG_WARN__DUPLICATE_METHOD_MATCH = YES;
				"CODE_SIGN_IDENTITY[sdk=iphoneos*]" = "iPhone Developer";
				COPY_PHASE_STRIP = YES;
				ENABLE_NS_ASSERTIONS = NO;
				GCC_C_LANGUAGE_STANDARD = gnu99;
				GCC_WARN_64_TO_32_BIT_CONVERSION = YES;
				GCC_WARN_ABOUT_RETURN_TYPE = YES_ERROR;
				GCC_WARN_UNDECLARED_SELECTOR = YES;
				GCC_WARN_UNINITIALIZED_AUTOS = YES_AGGRESSIVE;
				GCC_WARN_UNUSED_FUNCTION = YES;
				GCC_WARN_UNUSED_VARIABLE = YES;
				IPHONEOS_DEPLOYMENT_TARGET = 7.1;
				SDKROOT = iphoneos;
				VALIDATE_PRODUCT = YES;
			};
			name = Release;
		};
		789E204F190525FB00B30932 /* Debug */ = {
			isa = XCBuildConfiguration;
			buildSettings = {
				ASSETCATALOG_COMPILER_APPICON_NAME = AppIcon;
				ASSETCATALOG_COMPILER_LAUNCHIMAGE_NAME = LaunchImage;
				GCC_PRECOMPILE_PREFIX_HEADER = YES;
				GCC_PREFIX_HEADER = "nagababuProject/nagababuProject-Prefix.pch";
				INFOPLIST_FILE = "nagababuProject/nagababuProject-Info.plist";
				PRODUCT_NAME = "$(TARGET_NAME)";
				WRAPPER_EXTENSION = app;
			};
			name = Debug;
		};
		789E2050190525FB00B30932 /* Release */ = {
			isa = XCBuildConfiguration;
			buildSettings = {
				ASSETCATALOG_COMPILER_APPICON_NAME = AppIcon;
				ASSETCATALOG_COMPILER_LAUNCHIMAGE_NAME = LaunchImage;
				GCC_PRECOMPILE_PREFIX_HEADER = YES;
				GCC_PREFIX_HEADER = "nagababuProject/nagababuProject-Prefix.pch";
				INFOPLIST_FILE = "nagababuProject/nagababuProject-Info.plist";
				PRODUCT_NAME = "$(TARGET_NAME)";
				WRAPPER_EXTENSION = app;
			};
			name = Release;
		};
		789E2052190525FB00B30932 /* Debug */ = {
			isa = XCBuildConfiguration;
			buildSettings = {
				BUNDLE_LOADER = "$(BUILT_PRODUCTS_DIR)/nagababuProject.app/nagababuProject";
				FRAMEWORK_SEARCH_PATHS = (
					"$(SDKROOT)/Developer/Library/Frameworks",
					"$(inherited)",
					"$(DEVELOPER_FRAMEWORKS_DIR)",
				);
				GCC_PRECOMPILE_PREFIX_HEADER = YES;
				GCC_PREFIX_HEADER = "nagababuProject/nagababuProject-Prefix.pch";
				GCC_PREPROCESSOR_DEFINITIONS = (
					"DEBUG=1",
					"$(inherited)",
				);
				INFOPLIST_FILE = "nagababuProjectTests/nagababuProjectTests-Info.plist";
				PRODUCT_NAME = "$(TARGET_NAME)";
				TEST_HOST = "$(BUNDLE_LOADER)";
				WRAPPER_EXTENSION = xctest;
			};
			name = Debug;
		};
		789E2053190525FB00B30932 /* Release */ = {
			isa = XCBuildConfiguration;
			buildSettings = {
				BUNDLE_LOADER = "$(BUILT_PRODUCTS_DIR)/nagababuProject.app/nagababuProject";
				FRAMEWORK_SEARCH_PATHS = (
					"$(SDKROOT)/Developer/Library/Frameworks",
					"$(inherited)",
					"$(DEVELOPER_FRAMEWORKS_DIR)",
				);
				GCC_PRECOMPILE_PREFIX_HEADER = YES;
				GCC_PREFIX_HEADER = "nagababuProject/nagababuProject-Prefix.pch";
				INFOPLIST_FILE = "nagababuProjectTests/nagababuProjectTests-Info.plist";
				PRODUCT_NAME = "$(TARGET_NAME)";
				TEST_HOST = "$(BUNDLE_LOADER)";
				WRAPPER_EXTENSION = xctest;
			};
			name = Release;
		};
/* End XCBuildConfiguration section */

/* Begin XCConfigurationList section */
		789E2017190525FB00B30932 /* Build configuration list for PBXProject "nagababuProject" */ = {
			isa = XCConfigurationList;
			buildConfigurations = (
				789E204C190525FB00B30932 /* Debug */,
				789E204D190525FB00B30932 /* Release */,
			);
			defaultConfigurationIsVisible = 0;
			defaultConfigurationName = Release;
		};
		789E204E190525FB00B30932 /* Build configuration list for PBXNativeTarget "nagababuProject" */ = {
			isa = XCConfigurationList;
			buildConfigurations = (
				789E204F190525FB00B30932 /* Debug */,
				789E2050190525FB00B30932 /* Release */,
			);
			defaultConfigurationIsVisible = 0;
		};
		789E2051190525FB00B30932 /* Build configuration list for PBXNativeTarget "nagababuProjectTests" */ = {
			isa = XCConfigurationList;
			buildConfigurations = (
				789E2052190525FB00B30932 /* Debug */,
				789E2053190525FB00B30932 /* Release */,
			);
			defaultConfigurationIsVisible = 0;
		};
/* End XCConfigurationList section */
	};
	rootObject = 789E2014190525FB00B30932 /* Project object */;
}
